{
  "name": "node-cli",
  "version": "1.0.0",
  "lockfileVersion": 1,
  "requires": true,
  "dependencies": {
    "art-template": {
      "version": "4.13.2",
      "resolved": "http://registry.npm.taobao.org/art-template/download/art-template-4.13.2.tgz",
      "requires": {
        "acorn": "^5.0.3",
        "escodegen": "^1.8.1",
        "estraverse": "^4.2.0",
        "html-minifier": "^3.4.3",
        "is-keyword-js": "^1.0.3",
        "js-tokens": "^3.0.1",
        "merge-source-map": "^1.0.3",
        "source-map": "^0.5.6"
      },
      "dependencies": {
        "acorn": {
          "version": "5.7.3",
          "resolved": "http://registry.npm.taobao.org/acorn/download/acorn-5.7.3.tgz"
        },
        "js-tokens": {
          "version": "3.0.2",
          "resolved": "http://registry.npm.taobao.org/js-tokens/download/js-tokens-3.0.2.tgz"
        },
        "source-map": {
          "version": "0.5.7",
          "resolved": "http://registry.npm.taobao.org/source-map/download/source-map-0.5.7.tgz"
        }
      }
    },
    "axios": {
      "version": "0.15.3",
      "resolved": "http://registry.npm.taobao.org/axios/download/axios-0.15.3.tgz",
      "integrity": "sha1-LJ1jiy4ZGgjqHWzJiOrda6W9wFM=",
      "requires": {
        "follow-redirects": "1.0.0"
      }
    },
    "commander": {
      "version": "2.19.0",
      "resolved": "http://registry.npm.taobao.org/commander/download/commander-2.19.0.tgz",
      "integrity": "sha1-9hmKqE5bg8RgVLlN3tv+1e6f8So="
    },
    "debug": {
      "version": "2.6.9",
      "resolved": "http://registry.npm.taobao.org/debug/download/debug-2.6.9.tgz",
      "integrity": "sha1-XRKFFd8TT/Mn6QpMk/Tgd6U2NB8=",
      "requires": {
        "ms": "2.0.0"
      }
    },
    "deep-is": {
      "version": "0.1.3",
      "resolved": "http://registry.npm.taobao.org/deep-is/download/deep-is-0.1.3.tgz",
      "integrity": "sha512-GtxAN4HvBachZzm4OnWqc45ESpUCMwkYcsjnsPs23FwJbsO+k4t0k9bQCgOmzIlpHO28+WPK/KRbRk0DDHuuDw=="
    },
    "escodegen": {
      "version": "1.11.0",
      "resolved": "http://registry.npm.taobao.org/escodegen/download/escodegen-1.11.0.tgz",
      "requires": {
        "esprima": "^3.1.3",
        "estraverse": "^4.2.0",
        "esutils": "^2.0.2",
        "optionator": "^0.8.1",
        "source-map": "~0.6.1"
      },
      "dependencies": {
        "estraverse": {
          "version": "4.2.0",
          "bundled": true
        }
      }
    },
    "esprima": {
      "version": "3.1.3",
      "resolved": "http://registry.npm.taobao.org/esprima/download/esprima-3.1.3.tgz",
      "integrity": "sha1-/cpRzuYTOJXjyI1TXOSdv/YqRjM="
    },
    "estraverse": {
      "version": "4.2.0",
      "resolved": "http://registry.npm.taobao.org/estraverse/download/estraverse-4.2.0.tgz"
    },
    "esutils": {
      "version": "2.0.2",
      "resolved": "http://registry.npm.taobao.org/esutils/download/esutils-2.0.2.tgz"
    },
    "fast-levenshtein": {
      "version": "2.0.6",
      "resolved": "http://registry.npm.taobao.org/fast-levenshtein/download/fast-levenshtein-2.0.6.tgz"
    },
    "follow-redirects": {
      "version": "1.0.0",
      "resolved": "http://registry.npm.taobao.org/follow-redirects/download/follow-redirects-1.0.0.tgz",
      "integrity": "sha1-jjQpjL0uF28lTv/sdaHHjMhJ/Tc=",
      "requires": {
        "debug": "^2.2.0"
      }
    },
    "github-api": {
      "version": "3.0.0",
      "resolved": "http://registry.npm.taobao.org/github-api/download/github-api-3.0.0.tgz",
      "integrity": "sha1-KDL5jQ06g/FIXi2zLJJZ5LnECnU=",
      "requires": {
        "axios": "^0.15.2",
        "debug": "^2.2.0",
        "js-base64": "^2.1.9",
        "utf8": "^2.1.1"
      }
    },
    "html-minifier": {
      "version": "3.5.21",
      "resolved": "http://registry.npm.taobao.org/html-minifier/download/html-minifier-3.5.21.tgz",
      "requires": {
        "camel-case": "3.0.x",
        "clean-css": "4.2.x",
        "commander": "2.17.x",
        "he": "1.2.x",
        "param-case": "2.1.x",
        "relateurl": "0.2.x",
        "uglify-js": "3.4.x"
      },
      "dependencies": {
        "camel-case": {
          "version": "3.0.0",
          "resolved": "http://registry.npm.taobao.org/camel-case/download/camel-case-3.0.0.tgz",
          "requires": {
            "no-case": "^2.2.0",
            "upper-case": "^1.1.1"
          },
          "dependencies": {
            "lower-case": {
              "version": "1.1.4",
              "bundled": true
            },
            "no-case": {
              "version": "2.3.2",
              "bundled": true,
              "requires": {
                "lower-case": "^1.1.1"
              }
            },
            "upper-case": {
              "version": "1.1.3",
              "bundled": true
            }
          }
        },
        "clean-css": {
          "version": "4.2.1",
          "resolved": "http://registry.npm.taobao.org/clean-css/download/clean-css-4.2.1.tgz",
          "requires": {
            "source-map": "~0.6.0"
          },
          "dependencies": {
            "source-map": {
              "version": "0.6.1",
              "bundled": true
            }
          }
        },
        "commander": {
          "version": "2.17.1",
          "bundled": true
        },
        "he": {
          "version": "1.2.0",
          "resolved": "http://registry.npm.taobao.org/he/download/he-1.2.0.tgz"
        }
      }
    },
    "iconv-lite": {
      "version": "0.4.24",
      "resolved": "http://registry.npm.taobao.org/iconv-lite/download/iconv-lite-0.4.24.tgz",
      "integrity": "sha1-ICK0sl+93CHS9SSXSkdKr+czkIs=",
      "requires": {
        "safer-buffer": ">= 2.1.2 < 3"
      }
    },
    "is-keyword-js": {
      "version": "1.0.3",
      "resolved": "http://registry.npm.taobao.org/is-keyword-js/download/is-keyword-js-1.0.3.tgz"
    },
    "js-base64": {
      "version": "2.4.9",
      "resolved": "http://registry.npm.taobao.org/js-base64/download/js-base64-2.4.9.tgz",
      "integrity": "sha1-dIkR+wT0imDEdxs3XKxFqA3xHAM="
    },
    "levn": {
      "version": "0.3.0",
      "resolved": "http://registry.npm.taobao.org/levn/download/levn-0.3.0.tgz",
      "integrity": "sha1-OwmSTt+fCDwEkP3UwLxEIeBHZO4=",
      "requires": {
        "prelude-ls": "~1.1.2",
        "type-check": "~0.3.2"
      }
    },
    "lower-case": {
      "version": "1.1.4",
      "resolved": "http://registry.npm.taobao.org/lower-case/download/lower-case-1.1.4.tgz"
    },
    "merge-source-map": {
      "version": "1.1.0",
      "resolved": "http://registry.npm.taobao.org/merge-source-map/download/merge-source-map-1.1.0.tgz",
      "integrity": "sha512-Qkcp7P2ygktpMPh2mCQZaf3jhN6D3Z/qVZHSdWvQ+2Ef5HgRAPBO57A77+ENm0CPx2+1Ce/MYKi3ymqdfuqibw==",
      "requires": {
        "source-map": "^0.6.1"
      },
      "dependencies": {
        "source-map": {
          "version": "0.6.1",
          "resolved": "http://registry.npm.taobao.org/source-map/download/source-map-0.6.1.tgz",
          "integrity": "sha1-dHIq8y6WFOnCh6jQu95IteLxomM="
        }
      }
    },
    "ms": {
      "version": "2.0.0",
      "resolved": "http://registry.npm.taobao.org/ms/download/ms-2.0.0.tgz",
      "integrity": "sha1-VgiurfwAvmwpAd9fmGF4jeDVl8g="
    },
    "no-case": {
      "version": "2.3.2",
      "resolved": "http://registry.npm.taobao.org/no-case/download/no-case-2.3.2.tgz",
      "integrity": "sha512-rmTZ9kz+f3rCvK2TD1Ue/oZlns7OGoIWP4fc3llxxRXlOkHKoWPPWJOfFYpITabSow43QJbRIoHQXtt10VldyQ==",
      "requires": {
        "lower-case": "^1.1.1"
      }
    },
    "optionator": {
      "version": "0.8.2",
      "resolved": "http://registry.npm.taobao.org/optionator/download/optionator-0.8.2.tgz",
      "requires": {
        "deep-is": "~0.1.3",
        "fast-levenshtein": "~2.0.4",
        "levn": "~0.3.0",
        "prelude-ls": "~1.1.2",
        "type-check": "~0.3.2",
        "wordwrap": "~1.0.0"
      }
    },
    "param-case": {
      "version": "2.1.1",
      "resolved": "http://registry.npm.taobao.org/param-case/download/param-case-2.1.1.tgz",
      "requires": {
        "no-case": "^2.2.0"
      }
    },
    "prelude-ls": {
      "version": "1.1.2",
      "resolved": "http://registry.npm.taobao.org/prelude-ls/download/prelude-ls-1.1.2.tgz"
    },
    "relateurl": {
      "version": "0.2.7",
      "resolved": "http://registry.npm.taobao.org/relateurl/download/relateurl-0.2.7.tgz",
      "integrity": "sha1-VNvzd+UUQKypCkzSdGANP/LYiKk="
    },
    "safer-buffer": {
      "version": "2.1.2",
      "resolved": "http://registry.npm.taobao.org/safer-buffer/download/safer-buffer-2.1.2.tgz",
      "integrity": "sha1-RPoWGwGHuVSd2Eu5GAL5vYOFzWo="
    },
    "source-map": {
      "version": "0.6.1",
      "resolved": "http://registry.npm.taobao.org/source-map/download/source-map-0.6.1.tgz"
    },
    "type-check": {
      "version": "0.3.2",
      "resolved": "http://registry.npm.taobao.org/type-check/download/type-check-0.3.2.tgz",
      "requires": {
        "prelude-ls": "~1.1.2"
      }
    },
    "uglify-js": {
      "version": "3.4.9",
      "resolved": "http://registry.npm.taobao.org/uglify-js/download/uglify-js-3.4.9.tgz",
      "requires": {
        "commander": "~2.17.1",
        "source-map": "~0.6.1"
      },
      "dependencies": {
        "commander": {
          "version": "2.17.1",
          "bundled": true
        }
      }
    },
    "utf8": {
      "version": "2.1.2",
      "resolved": "http://registry.npm.taobao.org/utf8/download/utf8-2.1.2.tgz",
      "integrity": "sha1-H6DZJw6b6FDZsFAn9jUZv0ZFfZY="
    },
    "wordwrap": {
      "version": "1.0.0",
      "resolved": "http://registry.npm.taobao.org/wordwrap/download/wordwrap-1.0.0.tgz"
    }
  }
}
